
Microsoft Visual Studio Solution File, Format Version 12.00
# Visual Studio Version 16
VisualStudioVersion = 16.0.29709.97
MinimumVisualStudioVersion = 10.0.40219.1
Project("{FAE04EC0-301F-11D3-BF4B-00C04F79EFBC}") = "WPF12", "WPF12\WPF12.csproj", "{CA53B159-2F1F-4CF5-BE69-391994B847FC}"
EndProject
Global
	GlobalSection(SolutionConfigurationPlatforms) = preSolution
		Debug|Any CPU = Debug|Any CPU
		Release|Any CPU = Release|Any CPU
	EndGlobalSection
	GlobalSection(ProjectConfigurationPlatforms) = postSolution
		{CA53B159-2F1F-4CF5-BE69-391994B847FC}.Debug|Any CPU.ActiveCfg = Debug|Any CPU
		{CA53B159-2F1F-4CF5-BE69-391994B847FC}.Debug|Any CPU.Build.0 = Debug|Any CPU
		{CA53B159-2F1F-4CF5-BE69-391994B847FC}.Release|Any CPU.ActiveCfg = Release|Any CPU
		{CA53B159-2F1F-4CF5-BE69-391994B847FC}.Release|Any CPU.Build.0 = Release|Any CPU
	EndGlobalSection
	GlobalSection(SolutionProperties) = preSolution
		HideSolutionNode = FALSE
	EndGlobalSection
	GlobalSection(ExtensibilityGlobals) = postSolution
		SolutionGuid = {A972FBCC-741D-4A82-8D59-0C643BB818F0}
	EndGlobalSection
EndGlobal
